
Microsoft Visual Studio Solution File, Format Version 12.00
# Visual Studio 15
VisualStudioVersion = 15.0.26730.12
MinimumVisualStudioVersion = 10.0.40219.1
Project("{FAE04EC0-301F-11D3-BF4B-00C04F79EFBC}") = "Reiner_Autoworker", "Reiner_Autoworker\Reiner_Autoworker.csproj", "{0C3EDD5B-3952-4CB3-8D3B-A5B847AA8C1C}"
EndProject
Global
	GlobalSection(SolutionConfigurationPlatforms) = preSolution
		Debug|Any CPU = Debug|Any CPU
		Release|Any CPU = Release|Any CPU
	EndGlobalSection
	GlobalSection(ProjectConfigurationPlatforms) = postSolution
		{0C3EDD5B-3952-4CB3-8D3B-A5B847AA8C1C}.Debug|Any CPU.ActiveCfg = Debug|Any CPU
		{0C3EDD5B-3952-4CB3-8D3B-A5B847AA8C1C}.Debug|Any CPU.Build.0 = Debug|Any CPU
		{0C3EDD5B-3952-4CB3-8D3B-A5B847AA8C1C}.Release|Any CPU.ActiveCfg = Release|Any CPU
		{0C3EDD5B-3952-4CB3-8D3B-A5B847AA8C1C}.Release|Any CPU.Build.0 = Release|Any CPU
	EndGlobalSection
	GlobalSection(SolutionProperties) = preSolution
		HideSolutionNode = FALSE
	EndGlobalSection
	GlobalSection(ExtensibilityGlobals) = postSolution
		SolutionGuid = {629DAAC7-E363-4B3D-9E86-857741821451}
	EndGlobalSection
EndGlobal
